// !$*UTF8*$!
{
	archiveVersion = 1;
	classes = {
	};
	objectVersion = 46;
	objects = {

/* Begin PBXBuildFile section */
		18FE0D101E28DAB3006EE8C6 /* main.swift in Sources */ = {isa = PBXBuildFile; fileRef = 18FE0D0F1E28DAB3006EE8C6 /* main.swift */; };
		18FE0D211E29C515006EE8C6 /* TreasureMap.swift in Sources */ = {isa = PBXBuildFile; fileRef = 18FE0D201E29C515006EE8C6 /* TreasureMap.swift */; };
		18FE0D231E29C51B006EE8C6 /* Ship.swift in Sources */ = {isa = PBXBuildFile; fileRef = 18FE0D221E29C51B006EE8C6 /* Ship.swift */; };
		18FE0D251E29C51F006EE8C6 /* Member.swift in Sources */ = {isa = PBXBuildFile; fileRef = 18FE0D241E29C51F006EE8C6 /* Member.swift */; };
		18FE0D271E29C59F006EE8C6 /* StoneFacade.swift in Sources */ = {isa = PBXBuildFile; fileRef = 18FE0D261E29C59F006EE8C6 /* StoneFacade.swift */; };
/* End PBXBuildFile section */

/* Begin PBXCopyFilesBuildPhase section */
		18FE0D0A1E28DAB2006EE8C6 /* CopyFiles */ = {
			isa = PBXCopyFilesBuildPhase;
			buildActionMask = 2147483647;
			dstPath = /usr/share/man/man1/;
			dstSubfolderSpec = 0;
			files = (
			);
			runOnlyForDeploymentPostprocessing = 1;
		};
/* End PBXCopyFilesBuildPhase section */

/* Begin PBXFileReference section */
		18FE0D0C1E28DAB3006EE8C6 /* Facade Pattern */ = {isa = PBXFileReference; explicitFileType = "compiled.mach-o.executable"; includeInIndex = 0; path = "Facade Pattern"; sourceTree = BUILT_PRODUCTS_DIR; };
		18FE0D0F1E28DAB3006EE8C6 /* main.swift */ = {isa = PBXFileReference; lastKnownFileType = sourcecode.swift; path = main.swift; sourceTree = "<group>"; };
		18FE0D201E29C515006EE8C6 /* TreasureMap.swift */ = {isa = PBXFileReference; fileEncoding = 4; lastKnownFileType = sourcecode.swift; path = TreasureMap.swift; sourceTree = "<group>"; };
		18FE0D221E29C51B006EE8C6 /* Ship.swift */ = {isa = PBXFileReference; fileEncoding = 4; lastKnownFileType = sourcecode.swift; path = Ship.swift; sourceTree = "<group>"; };
		18FE0D241E29C51F006EE8C6 /* Member.swift */ = {isa = PBXFileReference; fileEncoding = 4; lastKnownFileType = sourcecode.swift; path = Member.swift; sourceTree = "<group>"; };
		18FE0D261E29C59F006EE8C6 /* StoneFacade.swift */ = {isa = PBXFileReference; fileEncoding = 4; lastKnownFileType = sourcecode.swift; path = StoneFacade.swift; sourceTree = "<group>"; };
/* End PBXFileReference section */

/* Begin PBXFrameworksBuildPhase section */
		18FE0D091E28DAB2006EE8C6 /* Frameworks */ = {
			isa = PBXFrameworksBuildPhase;
			buildActionMask = 2147483647;
			files = (
			);
			runOnlyForDeploymentPostprocessing = 0;
		};
/* End PBXFrameworksBuildPhase section */

/* Begin PBXGroup section */
		18FE0D031E28DAB2006EE8C6 = {
			isa = PBXGroup;
			children = (
				18FE0D0E1E28DAB3006EE8C6 /* Facade Pattern */,
				18FE0D0D1E28DAB3006EE8C6 /* Products */,
			);
			sourceTree = "<group>";
		};
		18FE0D0D1E28DAB3006EE8C6 /* Products */ = {
			isa = PBXGroup;
			children = (
				18FE0D0C1E28DAB3006EE8C6 /* Facade Pattern */,
			);
			name = Products;
			sourceTree = "<group>";
		};
		18FE0D0E1E28DAB3006EE8C6 /* Facade Pattern */ = {
			isa = PBXGroup;
			children = (
				18FE0D0F1E28DAB3006EE8C6 /* main.swift */,
				18FE0D201E29C515006EE8C6 /* TreasureMap.swift */,
				18FE0D221E29C51B006EE8C6 /* Ship.swift */,
				18FE0D241E29C51F006EE8C6 /* Member.swift */,
				18FE0D261E29C59F006EE8C6 /* StoneFacade.swift */,
			);
			path = "Facade Pattern";
			sourceTree = "<group>";
		};
/* End PBXGroup section */

/* Begin PBXNativeTarget section */
		18FE0D0B1E28DAB2006EE8C6 /* Facade Pattern */ = {
			isa = PBXNativeTarget;
			buildConfigurationList = 18FE0D131E28DAB3006EE8C6 /* Build configuration list for PBXNativeTarget "Facade Pattern" */;
			buildPhases = (
				18FE0D081E28DAB2006EE8C6 /* Sources */,
				18FE0D091E28DAB2006EE8C6 /* Frameworks */,
				18FE0D0A1E28DAB2006EE8C6 /* CopyFiles */,
			);
			buildRules = (
			);
			dependencies = (
			);
			name = "Facade Pattern";
			productName = "Facade Pattern";
			productReference = 18FE0D0C1E28DAB3006EE8C6 /* Facade Pattern */;
			productType = "com.apple.product-type.tool";
		};
/* End PBXNativeTarget section */

/* Begin PBXProject section */
		18FE0D041E28DAB2006EE8C6 /* Project object */ = {
			isa = PBXProject;
			attributes = {
				LastSwiftUpdateCheck = 0820;
				LastUpgradeCheck = 0820;
				ORGANIZATIONNAME = Don;
				TargetAttributes = {
					18FE0D0B1E28DAB2006EE8C6 = {
						CreatedOnToolsVersion = 8.2.1;
						DevelopmentTeam = DT8726CBX4;
						ProvisioningStyle = Automatic;
					};
				};
			};
			buildConfigurationList = 18FE0D071E28DAB2006EE8C6 /* Build configuration list for PBXProject "Facade Pattern" */;
			compatibilityVersion = "Xcode 3.2";
			developmentRegion = English;
			hasScannedForEncodings = 0;
			knownRegions = (
				en,
			);
			mainGroup = 18FE0D031E28DAB2006EE8C6;
			productRefGroup = 18FE0D0D1E28DAB3006EE8C6 /* Products */;
			projectDirPath = "";
			projectRoot = "";
			targets = (
				18FE0D0B1E28DAB2006EE8C6 /* Facade Pattern */,
			);
		};
/* End PBXProject section */

/* Begin PBXSourcesBuildPhase section */
		18FE0D081E28DAB2006EE8C6 /* Sources */ = {
			isa = PBXSourcesBuildPhase;
			buildActionMask = 2147483647;
			files = (
				18FE0D231E29C51B006EE8C6 /* Ship.swift in Sources */,
				18FE0D101E28DAB3006EE8C6 /* main.swift in Sources */,
				18FE0D271E29C59F006EE8C6 /* StoneFacade.swift in Sources */,
				18FE0D251E29C51F006EE8C6 /* Member.swift in Sources */,
				18FE0D211E29C515006EE8C6 /* TreasureMap.swift in Sources */,
			);
			runOnlyForDeploymentPostprocessing = 0;
		};
/* End PBXSourcesBuildPhase section */

/* Begin XCBuildConfiguration section */
		18FE0D111E28DAB3006EE8C6 /* Debug */ = {
			isa = XCBuildConfiguration;
			buildSettings = {
				ALWAYS_SEARCH_USER_PATHS = NO;
				CLANG_ANALYZER_NONNULL = YES;
				CLANG_CXX_LANGUAGE_STANDARD = "gnu++0x";
				CLANG_CXX_LIBRARY = "libc++";
				CLANG_ENABLE_MODULES = YES;
				CLANG_ENABLE_OBJC_ARC = YES;
				CLANG_WARN_BOOL_CONVERSION = YES;
				CLANG_WARN_CONSTANT_CONVERSION = YES;
				CLANG_WARN_DIRECT_OBJC_ISA_USAGE = YES_ERROR;
				CLANG_WARN_DOCUMENTATION_COMMENTS = YES;
				CLANG_WARN_EMPTY_BODY = YES;
				CLANG_WARN_ENUM_CONVERSION = YES;
				CLANG_WARN_INFINITE_RECURSION = YES;
				CLANG_WARN_INT_CONVERSION = YES;
				CLANG_WARN_OBJC_ROOT_CLASS = YES_ERROR;
				CLANG_WARN_SUSPICIOUS_MOVE = YES;
				CLANG_WARN_UNREACHABLE_CODE = YES;
				CLANG_WARN__DUPLICATE_METHOD_MATCH = YES;
				CODE_SIGN_IDENTITY = "-";
				COPY_PHASE_STRIP = NO;
				DEBUG_INFORMATION_FORMAT = dwarf;
				ENABLE_STRICT_OBJC_MSGSEND = YES;
				ENABLE_TESTABILITY = YES;
				GCC_C_LANGUAGE_STANDARD = gnu99;
				GCC_DYNAMIC_NO_PIC = NO;
				GCC_NO_COMMON_BLOCKS = YES;
				GCC_OPTIMIZATION_LEVEL = 0;
				GCC_PREPROCESSOR_DEFINITIONS = (
					"DEBUG=1",
					"$(inherited)",
				);
				GCC_WARN_64_TO_32_BIT_CONVERSION = YES;
				GCC_WARN_ABOUT_RETURN_TYPE = YES_ERROR;
				GCC_WARN_UNDECLARED_SELECTOR = YES;
				GCC_WARN_UNINITIALIZED_AUTOS = YES_AGGRESSIVE;
				GCC_WARN_UNUSED_FUNCTION = YES;
				GCC_WARN_UNUSED_VARIABLE = YES;
				MACOSX_DEPLOYMENT_TARGET = 10.12;
				MTL_ENABLE_DEBUG_INFO = YES;
				ONLY_ACTIVE_ARCH = YES;
				SDKROOT = macosx;
				SWIFT_OPTIMIZATION_LEVEL = "-Onone";
			};
			name = Debug;
		};
		18FE0D121E28DAB3006EE8C6 /* Release */ = {
			isa = XCBuildConfiguration;
			buildSettings = {
				ALWAYS_SEARCH_USER_PATHS = NO;
				CLANG_ANALYZER_NONNULL = YES;
				CLANG_CXX_LANGUAGE_STANDARD = "gnu++0x";
				CLANG_CXX_LIBRARY = "libc++";
				CLANG_ENABLE_MODULES = YES;
				CLANG_ENABLE_OBJC_ARC = YES;
				CLANG_WARN_BOOL_CONVERSION = YES;
				CLANG_WARN_CONSTANT_CONVERSION = YES;
				CLANG_WARN_DIRECT_OBJC_ISA_USAGE = YES_ERROR;
				CLANG_WARN_DOCUMENTATION_COMMENTS = YES;
				CLANG_WARN_EMPTY_BODY = YES;
				CLANG_WARN_ENUM_CONVERSION = YES;
				CLANG_WARN_INFINITE_RECURSION = YES;
				CLANG_WARN_INT_CONVERSION = YES;
				CLANG_WARN_OBJC_ROOT_CLASS = YES_ERROR;
				CLANG_WARN_SUSPICIOUS_MOVE = YES;
				CLANG_WARN_UNREACHABLE_CODE = YES;
				CLANG_WARN__DUPLICATE_METHOD_MATCH = YES;
				CODE_SIGN_IDENTITY = "-";
				COPY_PHASE_STRIP = NO;
				DEBUG_INFORMATION_FORMAT = "dwarf-with-dsym";
				ENABLE_NS_ASSERTIONS = NO;
				ENABLE_STRICT_OBJC_MSGSEND = YES;
				GCC_C_LANGUAGE_STANDARD = gnu99;
				GCC_NO_COMMON_BLOCKS = YES;
				GCC_WARN_64_TO_32_BIT_CONVERSION = YES;
				GCC_WARN_ABOUT_RETURN_TYPE = YES_ERROR;
				GCC_WARN_UNDECLARED_SELECTOR = YES;
				GCC_WARN_UNINITIALIZED_AUTOS = YES_AGGRESSIVE;
				GCC_WARN_UNUSED_FUNCTION = YES;
				GCC_WARN_UNUSED_VARIABLE = YES;
				MACOSX_DEPLOYMENT_TARGET = 10.12;
				MTL_ENABLE_DEBUG_INFO = NO;
				SDKROOT = macosx;
			};
			name = Release;
		};
		18FE0D141E28DAB3006EE8C6 /* Debug */ = {
			isa = XCBuildConfiguration;
			buildSettings = {
				DEVELOPMENT_TEAM = DT8726CBX4;
				PRODUCT_NAME = "$(TARGET_NAME)";
				SWIFT_VERSION = 3.0;
			};
			name = Debug;
		};
		18FE0D151E28DAB3006EE8C6 /* Release */ = {
			isa = XCBuildConfiguration;
			buildSettings = {
				DEVELOPMENT_TEAM = DT8726CBX4;
				PRODUCT_NAME = "$(TARGET_NAME)";
				SWIFT_VERSION = 3.0;
			};
			name = Release;
		};
/* End XCBuildConfiguration section */

/* Begin XCConfigurationList section */
		18FE0D071E28DAB2006EE8C6 /* Build configuration list for PBXProject "Facade Pattern" */ = {
			isa = XCConfigurationList;
			buildConfigurations = (
				18FE0D111E28DAB3006EE8C6 /* Debug */,
				18FE0D121E28DAB3006EE8C6 /* Release */,
			);
			defaultConfigurationIsVisible = 0;
			defaultConfigurationName = Release;
		};
		18FE0D131E28DAB3006EE8C6 /* Build configuration list for PBXNativeTarget "Facade Pattern" */ = {
			isa = XCConfigurationList;
			buildConfigurations = (
				18FE0D141E28DAB3006EE8C6 /* Debug */,
				18FE0D151E28DAB3006EE8C6 /* Release */,
			);
			defaultConfigurationIsVisible = 0;
		};
/* End XCConfigurationList section */
	};
	rootObject = 18FE0D041E28DAB2006EE8C6 /* Project object */;
}
