// !$*UTF8*$!
{
	archiveVersion = 1;
	classes = {
	};
	objectVersion = 46;
	objects = {

/* Begin PBXBuildFile section */
		1A4A71771E2B0A3000853458 /* main.swift in Sources */ = {isa = PBXBuildFile; fileRef = 1A4A71761E2B0A3000853458 /* main.swift */; };
		1A4A717E1E2B0AB800853458 /* Purchase.swift in Sources */ = {isa = PBXBuildFile; fileRef = 1A4A717D1E2B0AB800853458 /* Purchase.swift */; };
		1A4A71801E2B0B0200853458 /* CustomerAccount.swift in Sources */ = {isa = PBXBuildFile; fileRef = 1A4A717F1E2B0B0200853458 /* CustomerAccount.swift */; };
		1A4A71821E2B0E3200853458 /* Services.swift in Sources */ = {isa = PBXBuildFile; fileRef = 1A4A71811E2B0E3200853458 /* Services.swift */; };
/* End PBXBuildFile section */

/* Begin PBXCopyFilesBuildPhase section */
		1A4A71711E2B0A3000853458 /* CopyFiles */ = {
			isa = PBXCopyFilesBuildPhase;
			buildActionMask = 2147483647;
			dstPath = /usr/share/man/man1/;
			dstSubfolderSpec = 0;
			files = (
			);
			runOnlyForDeploymentPostprocessing = 1;
		};
/* End PBXCopyFilesBuildPhase section */

/* Begin PBXFileReference section */
		1A4A71731E2B0A3000853458 /* Decorator Pattern */ = {isa = PBXFileReference; explicitFileType = "compiled.mach-o.executable"; includeInIndex = 0; path = "Decorator Pattern"; sourceTree = BUILT_PRODUCTS_DIR; };
		1A4A71761E2B0A3000853458 /* main.swift */ = {isa = PBXFileReference; lastKnownFileType = sourcecode.swift; path = main.swift; sourceTree = "<group>"; };
		1A4A717D1E2B0AB800853458 /* Purchase.swift */ = {isa = PBXFileReference; fileEncoding = 4; lastKnownFileType = sourcecode.swift; path = Purchase.swift; sourceTree = "<group>"; };
		1A4A717F1E2B0B0200853458 /* CustomerAccount.swift */ = {isa = PBXFileReference; fileEncoding = 4; lastKnownFileType = sourcecode.swift; path = CustomerAccount.swift; sourceTree = "<group>"; };
		1A4A71811E2B0E3200853458 /* Services.swift */ = {isa = PBXFileReference; fileEncoding = 4; lastKnownFileType = sourcecode.swift; path = Services.swift; sourceTree = "<group>"; };
/* End PBXFileReference section */

/* Begin PBXFrameworksBuildPhase section */
		1A4A71701E2B0A3000853458 /* Frameworks */ = {
			isa = PBXFrameworksBuildPhase;
			buildActionMask = 2147483647;
			files = (
			);
			runOnlyForDeploymentPostprocessing = 0;
		};
/* End PBXFrameworksBuildPhase section */

/* Begin PBXGroup section */
		1A4A716A1E2B0A3000853458 = {
			isa = PBXGroup;
			children = (
				1A4A71751E2B0A3000853458 /* Decorator Pattern */,
				1A4A71741E2B0A3000853458 /* Products */,
			);
			sourceTree = "<group>";
		};
		1A4A71741E2B0A3000853458 /* Products */ = {
			isa = PBXGroup;
			children = (
				1A4A71731E2B0A3000853458 /* Decorator Pattern */,
			);
			name = Products;
			sourceTree = "<group>";
		};
		1A4A71751E2B0A3000853458 /* Decorator Pattern */ = {
			isa = PBXGroup;
			children = (
				1A4A71761E2B0A3000853458 /* main.swift */,
				1A4A717D1E2B0AB800853458 /* Purchase.swift */,
				1A4A717F1E2B0B0200853458 /* CustomerAccount.swift */,
				1A4A71811E2B0E3200853458 /* Services.swift */,
			);
			path = "Decorator Pattern";
			sourceTree = "<group>";
		};
/* End PBXGroup section */

/* Begin PBXNativeTarget section */
		1A4A71721E2B0A3000853458 /* Decorator Pattern */ = {
			isa = PBXNativeTarget;
			buildConfigurationList = 1A4A717A1E2B0A3000853458 /* Build configuration list for PBXNativeTarget "Decorator Pattern" */;
			buildPhases = (
				1A4A716F1E2B0A3000853458 /* Sources */,
				1A4A71701E2B0A3000853458 /* Frameworks */,
				1A4A71711E2B0A3000853458 /* CopyFiles */,
			);
			buildRules = (
			);
			dependencies = (
			);
			name = "Decorator Pattern";
			productName = "Decorator Pattern";
			productReference = 1A4A71731E2B0A3000853458 /* Decorator Pattern */;
			productType = "com.apple.product-type.tool";
		};
/* End PBXNativeTarget section */

/* Begin PBXProject section */
		1A4A716B1E2B0A3000853458 /* Project object */ = {
			isa = PBXProject;
			attributes = {
				LastSwiftUpdateCheck = 0820;
				LastUpgradeCheck = 0820;
				ORGANIZATIONNAME = "don chen";
				TargetAttributes = {
					1A4A71721E2B0A3000853458 = {
						CreatedOnToolsVersion = 8.2.1;
						DevelopmentTeam = DT8726CBX4;
						ProvisioningStyle = Automatic;
					};
				};
			};
			buildConfigurationList = 1A4A716E1E2B0A3000853458 /* Build configuration list for PBXProject "Decorator Pattern" */;
			compatibilityVersion = "Xcode 3.2";
			developmentRegion = English;
			hasScannedForEncodings = 0;
			knownRegions = (
				en,
			);
			mainGroup = 1A4A716A1E2B0A3000853458;
			productRefGroup = 1A4A71741E2B0A3000853458 /* Products */;
			projectDirPath = "";
			projectRoot = "";
			targets = (
				1A4A71721E2B0A3000853458 /* Decorator Pattern */,
			);
		};
/* End PBXProject section */

/* Begin PBXSourcesBuildPhase section */
		1A4A716F1E2B0A3000853458 /* Sources */ = {
			isa = PBXSourcesBuildPhase;
			buildActionMask = 2147483647;
			files = (
				1A4A717E1E2B0AB800853458 /* Purchase.swift in Sources */,
				1A4A71821E2B0E3200853458 /* Services.swift in Sources */,
				1A4A71771E2B0A3000853458 /* main.swift in Sources */,
				1A4A71801E2B0B0200853458 /* CustomerAccount.swift in Sources */,
			);
			runOnlyForDeploymentPostprocessing = 0;
		};
/* End PBXSourcesBuildPhase section */

/* Begin XCBuildConfiguration section */
		1A4A71781E2B0A3000853458 /* Debug */ = {
			isa = XCBuildConfiguration;
			buildSettings = {
				ALWAYS_SEARCH_USER_PATHS = NO;
				CLANG_ANALYZER_NONNULL = YES;
				CLANG_CXX_LANGUAGE_STANDARD = "gnu++0x";
				CLANG_CXX_LIBRARY = "libc++";
				CLANG_ENABLE_MODULES = YES;
				CLANG_ENABLE_OBJC_ARC = YES;
				CLANG_WARN_BOOL_CONVERSION = YES;
				CLANG_WARN_CONSTANT_CONVERSION = YES;
				CLANG_WARN_DIRECT_OBJC_ISA_USAGE = YES_ERROR;
				CLANG_WARN_DOCUMENTATION_COMMENTS = YES;
				CLANG_WARN_EMPTY_BODY = YES;
				CLANG_WARN_ENUM_CONVERSION = YES;
				CLANG_WARN_INFINITE_RECURSION = YES;
				CLANG_WARN_INT_CONVERSION = YES;
				CLANG_WARN_OBJC_ROOT_CLASS = YES_ERROR;
				CLANG_WARN_SUSPICIOUS_MOVE = YES;
				CLANG_WARN_UNREACHABLE_CODE = YES;
				CLANG_WARN__DUPLICATE_METHOD_MATCH = YES;
				CODE_SIGN_IDENTITY = "-";
				COPY_PHASE_STRIP = NO;
				DEBUG_INFORMATION_FORMAT = dwarf;
				ENABLE_STRICT_OBJC_MSGSEND = YES;
				ENABLE_TESTABILITY = YES;
				GCC_C_LANGUAGE_STANDARD = gnu99;
				GCC_DYNAMIC_NO_PIC = NO;
				GCC_NO_COMMON_BLOCKS = YES;
				GCC_OPTIMIZATION_LEVEL = 0;
				GCC_PREPROCESSOR_DEFINITIONS = (
					"DEBUG=1",
					"$(inherited)",
				);
				GCC_WARN_64_TO_32_BIT_CONVERSION = YES;
				GCC_WARN_ABOUT_RETURN_TYPE = YES_ERROR;
				GCC_WARN_UNDECLARED_SELECTOR = YES;
				GCC_WARN_UNINITIALIZED_AUTOS = YES_AGGRESSIVE;
				GCC_WARN_UNUSED_FUNCTION = YES;
				GCC_WARN_UNUSED_VARIABLE = YES;
				MACOSX_DEPLOYMENT_TARGET = 10.12;
				MTL_ENABLE_DEBUG_INFO = YES;
				ONLY_ACTIVE_ARCH = YES;
				SDKROOT = macosx;
				SWIFT_OPTIMIZATION_LEVEL = "-Onone";
			};
			name = Debug;
		};
		1A4A71791E2B0A3000853458 /* Release */ = {
			isa = XCBuildConfiguration;
			buildSettings = {
				ALWAYS_SEARCH_USER_PATHS = NO;
				CLANG_ANALYZER_NONNULL = YES;
				CLANG_CXX_LANGUAGE_STANDARD = "gnu++0x";
				CLANG_CXX_LIBRARY = "libc++";
				CLANG_ENABLE_MODULES = YES;
				CLANG_ENABLE_OBJC_ARC = YES;
				CLANG_WARN_BOOL_CONVERSION = YES;
				CLANG_WARN_CONSTANT_CONVERSION = YES;
				CLANG_WARN_DIRECT_OBJC_ISA_USAGE = YES_ERROR;
				CLANG_WARN_DOCUMENTATION_COMMENTS = YES;
				CLANG_WARN_EMPTY_BODY = YES;
				CLANG_WARN_ENUM_CONVERSION = YES;
				CLANG_WARN_INFINITE_RECURSION = YES;
				CLANG_WARN_INT_CONVERSION = YES;
				CLANG_WARN_OBJC_ROOT_CLASS = YES_ERROR;
				CLANG_WARN_SUSPICIOUS_MOVE = YES;
				CLANG_WARN_UNREACHABLE_CODE = YES;
				CLANG_WARN__DUPLICATE_METHOD_MATCH = YES;
				CODE_SIGN_IDENTITY = "-";
				COPY_PHASE_STRIP = NO;
				DEBUG_INFORMATION_FORMAT = "dwarf-with-dsym";
				ENABLE_NS_ASSERTIONS = NO;
				ENABLE_STRICT_OBJC_MSGSEND = YES;
				GCC_C_LANGUAGE_STANDARD = gnu99;
				GCC_NO_COMMON_BLOCKS = YES;
				GCC_WARN_64_TO_32_BIT_CONVERSION = YES;
				GCC_WARN_ABOUT_RETURN_TYPE = YES_ERROR;
				GCC_WARN_UNDECLARED_SELECTOR = YES;
				GCC_WARN_UNINITIALIZED_AUTOS = YES_AGGRESSIVE;
				GCC_WARN_UNUSED_FUNCTION = YES;
				GCC_WARN_UNUSED_VARIABLE = YES;
				MACOSX_DEPLOYMENT_TARGET = 10.12;
				MTL_ENABLE_DEBUG_INFO = NO;
				SDKROOT = macosx;
			};
			name = Release;
		};
		1A4A717B1E2B0A3000853458 /* Debug */ = {
			isa = XCBuildConfiguration;
			buildSettings = {
				DEVELOPMENT_TEAM = DT8726CBX4;
				PRODUCT_NAME = "$(TARGET_NAME)";
				SWIFT_VERSION = 3.0;
			};
			name = Debug;
		};
		1A4A717C1E2B0A3000853458 /* Release */ = {
			isa = XCBuildConfiguration;
			buildSettings = {
				DEVELOPMENT_TEAM = DT8726CBX4;
				PRODUCT_NAME = "$(TARGET_NAME)";
				SWIFT_VERSION = 3.0;
			};
			name = Release;
		};
/* End XCBuildConfiguration section */

/* Begin XCConfigurationList section */
		1A4A716E1E2B0A3000853458 /* Build configuration list for PBXProject "Decorator Pattern" */ = {
			isa = XCConfigurationList;
			buildConfigurations = (
				1A4A71781E2B0A3000853458 /* Debug */,
				1A4A71791E2B0A3000853458 /* Release */,
			);
			defaultConfigurationIsVisible = 0;
			defaultConfigurationName = Release;
		};
		1A4A717A1E2B0A3000853458 /* Build configuration list for PBXNativeTarget "Decorator Pattern" */ = {
			isa = XCConfigurationList;
			buildConfigurations = (
				1A4A717B1E2B0A3000853458 /* Debug */,
				1A4A717C1E2B0A3000853458 /* Release */,
			);
			defaultConfigurationIsVisible = 0;
		};
/* End XCConfigurationList section */
	};
	rootObject = 1A4A716B1E2B0A3000853458 /* Project object */;
}
