// !$*UTF8*$!
{
	archiveVersion = 1;
	classes = {
	};
	objectVersion = 46;
	objects = {

/* Begin PBXBuildFile section */
		1A899B1E1E3DB3560086ADDC /* main.swift in Sources */ = {isa = PBXBuildFile; fileRef = 1A899B1D1E3DB3560086ADDC /* main.swift */; };
		1A899B251E3DBAB00086ADDC /* ValueTypeShop.swift in Sources */ = {isa = PBXBuildFile; fileRef = 1A899B241E3DBAB00086ADDC /* ValueTypeShop.swift */; };
		1A899B271E3DBAB70086ADDC /* ReferenceTypeShop.swift in Sources */ = {isa = PBXBuildFile; fileRef = 1A899B261E3DBAB70086ADDC /* ReferenceTypeShop.swift */; };
/* End PBXBuildFile section */

/* Begin PBXCopyFilesBuildPhase section */
		1A899B181E3DB3560086ADDC /* CopyFiles */ = {
			isa = PBXCopyFilesBuildPhase;
			buildActionMask = 2147483647;
			dstPath = /usr/share/man/man1/;
			dstSubfolderSpec = 0;
			files = (
			);
			runOnlyForDeploymentPostprocessing = 1;
		};
/* End PBXCopyFilesBuildPhase section */

/* Begin PBXFileReference section */
		1A899B1A1E3DB3560086ADDC /* Prototype Pattern */ = {isa = PBXFileReference; explicitFileType = "compiled.mach-o.executable"; includeInIndex = 0; path = "Prototype Pattern"; sourceTree = BUILT_PRODUCTS_DIR; };
		1A899B1D1E3DB3560086ADDC /* main.swift */ = {isa = PBXFileReference; lastKnownFileType = sourcecode.swift; path = main.swift; sourceTree = "<group>"; };
		1A899B241E3DBAB00086ADDC /* ValueTypeShop.swift */ = {isa = PBXFileReference; fileEncoding = 4; lastKnownFileType = sourcecode.swift; path = ValueTypeShop.swift; sourceTree = "<group>"; };
		1A899B261E3DBAB70086ADDC /* ReferenceTypeShop.swift */ = {isa = PBXFileReference; fileEncoding = 4; lastKnownFileType = sourcecode.swift; path = ReferenceTypeShop.swift; sourceTree = "<group>"; };
/* End PBXFileReference section */

/* Begin PBXFrameworksBuildPhase section */
		1A899B171E3DB3560086ADDC /* Frameworks */ = {
			isa = PBXFrameworksBuildPhase;
			buildActionMask = 2147483647;
			files = (
			);
			runOnlyForDeploymentPostprocessing = 0;
		};
/* End PBXFrameworksBuildPhase section */

/* Begin PBXGroup section */
		1A899B111E3DB3560086ADDC = {
			isa = PBXGroup;
			children = (
				1A899B1C1E3DB3560086ADDC /* Prototype Pattern */,
				1A899B1B1E3DB3560086ADDC /* Products */,
			);
			sourceTree = "<group>";
		};
		1A899B1B1E3DB3560086ADDC /* Products */ = {
			isa = PBXGroup;
			children = (
				1A899B1A1E3DB3560086ADDC /* Prototype Pattern */,
			);
			name = Products;
			sourceTree = "<group>";
		};
		1A899B1C1E3DB3560086ADDC /* Prototype Pattern */ = {
			isa = PBXGroup;
			children = (
				1A899B1D1E3DB3560086ADDC /* main.swift */,
				1A899B241E3DBAB00086ADDC /* ValueTypeShop.swift */,
				1A899B261E3DBAB70086ADDC /* ReferenceTypeShop.swift */,
			);
			path = "Prototype Pattern";
			sourceTree = "<group>";
		};
/* End PBXGroup section */

/* Begin PBXNativeTarget section */
		1A899B191E3DB3560086ADDC /* Prototype Pattern */ = {
			isa = PBXNativeTarget;
			buildConfigurationList = 1A899B211E3DB3560086ADDC /* Build configuration list for PBXNativeTarget "Prototype Pattern" */;
			buildPhases = (
				1A899B161E3DB3560086ADDC /* Sources */,
				1A899B171E3DB3560086ADDC /* Frameworks */,
				1A899B181E3DB3560086ADDC /* CopyFiles */,
			);
			buildRules = (
			);
			dependencies = (
			);
			name = "Prototype Pattern";
			productName = "Prototype Pattern";
			productReference = 1A899B1A1E3DB3560086ADDC /* Prototype Pattern */;
			productType = "com.apple.product-type.tool";
		};
/* End PBXNativeTarget section */

/* Begin PBXProject section */
		1A899B121E3DB3560086ADDC /* Project object */ = {
			isa = PBXProject;
			attributes = {
				LastSwiftUpdateCheck = 0820;
				LastUpgradeCheck = 0820;
				ORGANIZATIONNAME = "Don Chen";
				TargetAttributes = {
					1A899B191E3DB3560086ADDC = {
						CreatedOnToolsVersion = 8.2.1;
						DevelopmentTeam = DT8726CBX4;
						ProvisioningStyle = Automatic;
					};
				};
			};
			buildConfigurationList = 1A899B151E3DB3560086ADDC /* Build configuration list for PBXProject "Prototype Pattern" */;
			compatibilityVersion = "Xcode 3.2";
			developmentRegion = English;
			hasScannedForEncodings = 0;
			knownRegions = (
				en,
			);
			mainGroup = 1A899B111E3DB3560086ADDC;
			productRefGroup = 1A899B1B1E3DB3560086ADDC /* Products */;
			projectDirPath = "";
			projectRoot = "";
			targets = (
				1A899B191E3DB3560086ADDC /* Prototype Pattern */,
			);
		};
/* End PBXProject section */

/* Begin PBXSourcesBuildPhase section */
		1A899B161E3DB3560086ADDC /* Sources */ = {
			isa = PBXSourcesBuildPhase;
			buildActionMask = 2147483647;
			files = (
				1A899B271E3DBAB70086ADDC /* ReferenceTypeShop.swift in Sources */,
				1A899B1E1E3DB3560086ADDC /* main.swift in Sources */,
				1A899B251E3DBAB00086ADDC /* ValueTypeShop.swift in Sources */,
			);
			runOnlyForDeploymentPostprocessing = 0;
		};
/* End PBXSourcesBuildPhase section */

/* Begin XCBuildConfiguration section */
		1A899B1F1E3DB3560086ADDC /* Debug */ = {
			isa = XCBuildConfiguration;
			buildSettings = {
				ALWAYS_SEARCH_USER_PATHS = NO;
				CLANG_ANALYZER_NONNULL = YES;
				CLANG_CXX_LANGUAGE_STANDARD = "gnu++0x";
				CLANG_CXX_LIBRARY = "libc++";
				CLANG_ENABLE_MODULES = YES;
				CLANG_ENABLE_OBJC_ARC = YES;
				CLANG_WARN_BOOL_CONVERSION = YES;
				CLANG_WARN_CONSTANT_CONVERSION = YES;
				CLANG_WARN_DIRECT_OBJC_ISA_USAGE = YES_ERROR;
				CLANG_WARN_DOCUMENTATION_COMMENTS = YES;
				CLANG_WARN_EMPTY_BODY = YES;
				CLANG_WARN_ENUM_CONVERSION = YES;
				CLANG_WARN_INFINITE_RECURSION = YES;
				CLANG_WARN_INT_CONVERSION = YES;
				CLANG_WARN_OBJC_ROOT_CLASS = YES_ERROR;
				CLANG_WARN_SUSPICIOUS_MOVE = YES;
				CLANG_WARN_UNREACHABLE_CODE = YES;
				CLANG_WARN__DUPLICATE_METHOD_MATCH = YES;
				CODE_SIGN_IDENTITY = "-";
				COPY_PHASE_STRIP = NO;
				DEBUG_INFORMATION_FORMAT = dwarf;
				ENABLE_STRICT_OBJC_MSGSEND = YES;
				ENABLE_TESTABILITY = YES;
				GCC_C_LANGUAGE_STANDARD = gnu99;
				GCC_DYNAMIC_NO_PIC = NO;
				GCC_NO_COMMON_BLOCKS = YES;
				GCC_OPTIMIZATION_LEVEL = 0;
				GCC_PREPROCESSOR_DEFINITIONS = (
					"DEBUG=1",
					"$(inherited)",
				);
				GCC_WARN_64_TO_32_BIT_CONVERSION = YES;
				GCC_WARN_ABOUT_RETURN_TYPE = YES_ERROR;
				GCC_WARN_UNDECLARED_SELECTOR = YES;
				GCC_WARN_UNINITIALIZED_AUTOS = YES_AGGRESSIVE;
				GCC_WARN_UNUSED_FUNCTION = YES;
				GCC_WARN_UNUSED_VARIABLE = YES;
				MACOSX_DEPLOYMENT_TARGET = 10.12;
				MTL_ENABLE_DEBUG_INFO = YES;
				ONLY_ACTIVE_ARCH = YES;
				SDKROOT = macosx;
				SWIFT_OPTIMIZATION_LEVEL = "-Onone";
			};
			name = Debug;
		};
		1A899B201E3DB3560086ADDC /* Release */ = {
			isa = XCBuildConfiguration;
			buildSettings = {
				ALWAYS_SEARCH_USER_PATHS = NO;
				CLANG_ANALYZER_NONNULL = YES;
				CLANG_CXX_LANGUAGE_STANDARD = "gnu++0x";
				CLANG_CXX_LIBRARY = "libc++";
				CLANG_ENABLE_MODULES = YES;
				CLANG_ENABLE_OBJC_ARC = YES;
				CLANG_WARN_BOOL_CONVERSION = YES;
				CLANG_WARN_CONSTANT_CONVERSION = YES;
				CLANG_WARN_DIRECT_OBJC_ISA_USAGE = YES_ERROR;
				CLANG_WARN_DOCUMENTATION_COMMENTS = YES;
				CLANG_WARN_EMPTY_BODY = YES;
				CLANG_WARN_ENUM_CONVERSION = YES;
				CLANG_WARN_INFINITE_RECURSION = YES;
				CLANG_WARN_INT_CONVERSION = YES;
				CLANG_WARN_OBJC_ROOT_CLASS = YES_ERROR;
				CLANG_WARN_SUSPICIOUS_MOVE = YES;
				CLANG_WARN_UNREACHABLE_CODE = YES;
				CLANG_WARN__DUPLICATE_METHOD_MATCH = YES;
				CODE_SIGN_IDENTITY = "-";
				COPY_PHASE_STRIP = NO;
				DEBUG_INFORMATION_FORMAT = "dwarf-with-dsym";
				ENABLE_NS_ASSERTIONS = NO;
				ENABLE_STRICT_OBJC_MSGSEND = YES;
				GCC_C_LANGUAGE_STANDARD = gnu99;
				GCC_NO_COMMON_BLOCKS = YES;
				GCC_WARN_64_TO_32_BIT_CONVERSION = YES;
				GCC_WARN_ABOUT_RETURN_TYPE = YES_ERROR;
				GCC_WARN_UNDECLARED_SELECTOR = YES;
				GCC_WARN_UNINITIALIZED_AUTOS = YES_AGGRESSIVE;
				GCC_WARN_UNUSED_FUNCTION = YES;
				GCC_WARN_UNUSED_VARIABLE = YES;
				MACOSX_DEPLOYMENT_TARGET = 10.12;
				MTL_ENABLE_DEBUG_INFO = NO;
				SDKROOT = macosx;
			};
			name = Release;
		};
		1A899B221E3DB3560086ADDC /* Debug */ = {
			isa = XCBuildConfiguration;
			buildSettings = {
				DEVELOPMENT_TEAM = DT8726CBX4;
				PRODUCT_NAME = "$(TARGET_NAME)";
				SWIFT_VERSION = 3.0;
			};
			name = Debug;
		};
		1A899B231E3DB3560086ADDC /* Release */ = {
			isa = XCBuildConfiguration;
			buildSettings = {
				DEVELOPMENT_TEAM = DT8726CBX4;
				PRODUCT_NAME = "$(TARGET_NAME)";
				SWIFT_VERSION = 3.0;
			};
			name = Release;
		};
/* End XCBuildConfiguration section */

/* Begin XCConfigurationList section */
		1A899B151E3DB3560086ADDC /* Build configuration list for PBXProject "Prototype Pattern" */ = {
			isa = XCConfigurationList;
			buildConfigurations = (
				1A899B1F1E3DB3560086ADDC /* Debug */,
				1A899B201E3DB3560086ADDC /* Release */,
			);
			defaultConfigurationIsVisible = 0;
			defaultConfigurationName = Release;
		};
		1A899B211E3DB3560086ADDC /* Build configuration list for PBXNativeTarget "Prototype Pattern" */ = {
			isa = XCConfigurationList;
			buildConfigurations = (
				1A899B221E3DB3560086ADDC /* Debug */,
				1A899B231E3DB3560086ADDC /* Release */,
			);
			defaultConfigurationIsVisible = 0;
		};
/* End XCConfigurationList section */
	};
	rootObject = 1A899B121E3DB3560086ADDC /* Project object */;
}
